
Microsoft Visual Studio Solution File, Format Version 12.00
# Visual Studio Version 17
VisualStudioVersion = 17.7.34024.191
MinimumVisualStudioVersion = 10.0.40219.1
Project("{9A19103F-16F7-4668-BE54-9A1E7A4F7556}") = "Domain", "Domain\Domain.csproj", "{5BFBCDE1-F685-43EC-93AB-581BAE0B21A3}"
EndProject
Project("{9A19103F-16F7-4668-BE54-9A1E7A4F7556}") = "LeThanhPhongWPF", "LeThanhPhongWPF\LeThanhPhongWPF.csproj", "{D61E4484-890E-40A9-8A41-4821624116F2}"
EndProject
Project("{FAE04EC0-301F-11D3-BF4B-00C04F79EFBC}") = "Business", "Business\Business.csproj", "{F7A895D3-13BF-4D21-8B0E-51047B7D3125}"
EndProject
Global
	GlobalSection(SolutionConfigurationPlatforms) = preSolution
		Debug|Any CPU = Debug|Any CPU
		Release|Any CPU = Release|Any CPU
	EndGlobalSection
	GlobalSection(ProjectConfigurationPlatforms) = postSolution
		{5BFBCDE1-F685-43EC-93AB-581BAE0B21A3}.Debug|Any CPU.ActiveCfg = Debug|Any CPU
		{5BFBCDE1-F685-43EC-93AB-581BAE0B21A3}.Debug|Any CPU.Build.0 = Debug|Any CPU
		{5BFBCDE1-F685-43EC-93AB-581BAE0B21A3}.Release|Any CPU.ActiveCfg = Release|Any CPU
		{5BFBCDE1-F685-43EC-93AB-581BAE0B21A3}.Release|Any CPU.Build.0 = Release|Any CPU
		{D61E4484-890E-40A9-8A41-4821624116F2}.Debug|Any CPU.ActiveCfg = Debug|Any CPU
		{D61E4484-890E-40A9-8A41-4821624116F2}.Debug|Any CPU.Build.0 = Debug|Any CPU
		{D61E4484-890E-40A9-8A41-4821624116F2}.Release|Any CPU.ActiveCfg = Release|Any CPU
		{D61E4484-890E-40A9-8A41-4821624116F2}.Release|Any CPU.Build.0 = Release|Any CPU
		{F7A895D3-13BF-4D21-8B0E-51047B7D3125}.Debug|Any CPU.ActiveCfg = Debug|Any CPU
		{F7A895D3-13BF-4D21-8B0E-51047B7D3125}.Debug|Any CPU.Build.0 = Debug|Any CPU
		{F7A895D3-13BF-4D21-8B0E-51047B7D3125}.Release|Any CPU.ActiveCfg = Release|Any CPU
		{F7A895D3-13BF-4D21-8B0E-51047B7D3125}.Release|Any CPU.Build.0 = Release|Any CPU
	EndGlobalSection
	GlobalSection(SolutionProperties) = preSolution
		HideSolutionNode = FALSE
	EndGlobalSection
	GlobalSection(ExtensibilityGlobals) = postSolution
		SolutionGuid = {8963B4F8-CBD2-43B8-9D3C-77BA1EF98515}
	EndGlobalSection
EndGlobal
